{
  "pins" : [
    {
      "identity" : "ios",
      "kind" : "remoteSourceControl",
      "location" : "https://github.com/smileidentity/ios.git",
      "state" : {
        "branch" : "main",
        "revision" : "3502f29cba8f11b3098a051fa189dbe76ac21bdc"
      }
    },
    {
      "identity" : "zip",
      "kind" : "remoteSourceControl",
      "location" : "https://github.com/marmelroy/Zip",
      "state" : {
        "revision" : "67fa55813b9e7b3b9acee9c0ae501def28746d76",
        "version" : "2.1.2"
      }
    }
  ],
  "version" : 2
}
